PODS:
  - FastCoding (3.3)
  - FMDB (2.7.5):
    - FMDB/standard (= 2.7.5)
  - FMDB/standard (2.7.5)
  - MJExtension (3.0.15.1)
  - YLT_BaseLib (0.3.5):
    - FastCoding
    - FMDB
    - MJExtension
  - YLT_Pay (0.0.3):
    - YLT_BaseLib
    - YLT_Pay/AliPay (= 0.0.3)
    - YLT_Pay/ApplePay (= 0.0.3)
    - YLT_Pay/IapPay (= 0.0.3)
    - YLT_Pay/Pay (= 0.0.3)
    - YLT_Pay/UnionPay (= 0.0.3)
    - YLT_Pay/WeChatPay (= 0.0.3)
  - YLT_Pay/AliPay (0.0.3):
    - YLT_BaseLib
    - YLT_Pay/Pay
  - YLT_Pay/ApplePay (0.0.3):
    - YLT_BaseLib
    - YLT_Pay/Pay
  - YLT_Pay/IapPay (0.0.3):
    - YLT_BaseLib
    - YLT_Pay/Pay
  - YLT_Pay/Pay (0.0.3):
    - YLT_BaseLib
  - YLT_Pay/UnionPay (0.0.3):
    - YLT_BaseLib
    - YLT_Pay/Pay
  - YLT_Pay/WeChatPay (0.0.3):
    - YLT_BaseLib
    - YLT_Pay/Pay

DEPENDENCIES:
  - YLT_BaseLib
  - YLT_Pay (from `../`)

SPEC REPOS:
  https://github.com/cocoapods/specs.git:
    - FastCoding
    - FMDB
    - MJExtension
    - YLT_BaseLib

EXTERNAL SOURCES:
  YLT_Pay:
    :path: "../"

SPEC CHECKSUMS:
  FastCoding: 3b590f7143a229780fa744b35084d85d9461587e
  FMDB: 2ce00b547f966261cd18927a3ddb07cb6f3db82a
  MJExtension: 19bc33ce2eee2d319760f5622562cf581a6ff756
  YLT_BaseLib: d2f8ee59400147653f51733685dfb1acf49f20d8
  YLT_Pay: 52c16ca9c90bb0cdf6283a4893b2c03860c3139c

PODFILE CHECKSUM: b4b69f8a1d24ccf60ce56febed49f214dbc2d0dc

COCOAPODS: 1.5.3
